// !$*UTF8*$!
{
	archiveVersion = 1;
	classes = {
	};
	objectVersion = 56;
	objects = {

/* Begin PBXBuildFile section */
		A80112982A0829FD00E0D2EE /* Custom_ControlsApp.swift in Sources */ = {isa = PBXBuildFile; fileRef = A80112972A0829FD00E0D2EE /* Custom_ControlsApp.swift */; };
		A801129A2A0829FD00E0D2EE /* ContentView.swift in Sources */ = {isa = PBXBuildFile; fileRef = A80112992A0829FD00E0D2EE /* ContentView.swift */; };
		A801129C2A0829FE00E0D2EE /* Assets.xcassets in Resources */ = {isa = PBXBuildFile; fileRef = A801129B2A0829FE00E0D2EE /* Assets.xcassets */; };
		A801129F2A0829FE00E0D2EE /* Preview Assets.xcassets in Resources */ = {isa = PBXBuildFile; fileRef = A801129E2A0829FE00E0D2EE /* Preview Assets.xcassets */; };
		A80112A62A082A2800E0D2EE /* SegmentedPicker.swift in Sources */ = {isa = PBXBuildFile; fileRef = A80112A52A082A2800E0D2EE /* SegmentedPicker.swift */; };
		A80112A82A082C9600E0D2EE /* Extensions.swift in Sources */ = {isa = PBXBuildFile; fileRef = A80112A72A082C9600E0D2EE /* Extensions.swift */; };
		A83BBEC02A128E660024E111 /* PencilTipShaper.swift in Sources */ = {isa = PBXBuildFile; fileRef = A83BBEBF2A128E660024E111 /* PencilTipShaper.swift */; };
		A83BBEC42A1291D00024E111 /* PencilTimberShape.swift in Sources */ = {isa = PBXBuildFile; fileRef = A83BBEC32A1291D00024E111 /* PencilTimberShape.swift */; };
		A83BBEC62A1292110024E111 /* PencilBodyShape.swift in Sources */ = {isa = PBXBuildFile; fileRef = A83BBEC52A1292110024E111 /* PencilBodyShape.swift */; };
		A83BBEC82A1292FD0024E111 /* ColorPencilView.swift in Sources */ = {isa = PBXBuildFile; fileRef = A83BBEC72A1292FD0024E111 /* ColorPencilView.swift */; };
		A898B5462A7FD2F900B48AAE /* Animations.swift in Sources */ = {isa = PBXBuildFile; fileRef = A898B5452A7FD2F900B48AAE /* Animations.swift */; };
		A8D333972AA16E4700874C23 /* LocationManager.swift in Sources */ = {isa = PBXBuildFile; fileRef = A8D333962AA16E4700874C23 /* LocationManager.swift */; };
/* End PBXBuildFile section */

/* Begin PBXFileReference section */
		A80112942A0829FD00E0D2EE /* Custom Controls.app */ = {isa = PBXFileReference; explicitFileType = wrapper.application; includeInIndex = 0; path = "Custom Controls.app"; sourceTree = BUILT_PRODUCTS_DIR; };
		A80112972A0829FD00E0D2EE /* Custom_ControlsApp.swift */ = {isa = PBXFileReference; lastKnownFileType = sourcecode.swift; path = Custom_ControlsApp.swift; sourceTree = "<group>"; };
		A80112992A0829FD00E0D2EE /* ContentView.swift */ = {isa = PBXFileReference; lastKnownFileType = sourcecode.swift; path = ContentView.swift; sourceTree = "<group>"; };
		A801129B2A0829FE00E0D2EE /* Assets.xcassets */ = {isa = PBXFileReference; lastKnownFileType = folder.assetcatalog; path = Assets.xcassets; sourceTree = "<group>"; };
		A801129E2A0829FE00E0D2EE /* Preview Assets.xcassets */ = {isa = PBXFileReference; lastKnownFileType = folder.assetcatalog; path = "Preview Assets.xcassets"; sourceTree = "<group>"; };
		A80112A52A082A2800E0D2EE /* SegmentedPicker.swift */ = {isa = PBXFileReference; lastKnownFileType = sourcecode.swift; path = SegmentedPicker.swift; sourceTree = "<group>"; };
		A80112A72A082C9600E0D2EE /* Extensions.swift */ = {isa = PBXFileReference; lastKnownFileType = sourcecode.swift; path = Extensions.swift; sourceTree = "<group>"; };
		A83BBEBF2A128E660024E111 /* PencilTipShaper.swift */ = {isa = PBXFileReference; lastKnownFileType = sourcecode.swift; path = PencilTipShaper.swift; sourceTree = "<group>"; };
		A83BBEC32A1291D00024E111 /* PencilTimberShape.swift */ = {isa = PBXFileReference; lastKnownFileType = sourcecode.swift; path = PencilTimberShape.swift; sourceTree = "<group>"; };
		A83BBEC52A1292110024E111 /* PencilBodyShape.swift */ = {isa = PBXFileReference; lastKnownFileType = sourcecode.swift; path = PencilBodyShape.swift; sourceTree = "<group>"; };
		A83BBEC72A1292FD0024E111 /* ColorPencilView.swift */ = {isa = PBXFileReference; lastKnownFileType = sourcecode.swift; path = ColorPencilView.swift; sourceTree = "<group>"; };
		A898B5452A7FD2F900B48AAE /* Animations.swift */ = {isa = PBXFileReference; lastKnownFileType = sourcecode.swift; path = Animations.swift; sourceTree = "<group>"; };
		A8D333962AA16E4700874C23 /* LocationManager.swift */ = {isa = PBXFileReference; lastKnownFileType = sourcecode.swift; path = LocationManager.swift; sourceTree = "<group>"; };
/* End PBXFileReference section */

/* Begin PBXFrameworksBuildPhase section */
		A80112912A0829FD00E0D2EE /* Frameworks */ = {
			isa = PBXFrameworksBuildPhase;
			buildActionMask = 2147483647;
			files = (
			);
			runOnlyForDeploymentPostprocessing = 0;
		};
/* End PBXFrameworksBuildPhase section */

/* Begin PBXGroup section */
		A801128B2A0829FD00E0D2EE = {
			isa = PBXGroup;
			children = (
				A80112962A0829FD00E0D2EE /* Custom Controls */,
				A80112952A0829FD00E0D2EE /* Products */,
			);
			sourceTree = "<group>";
		};
		A80112952A0829FD00E0D2EE /* Products */ = {
			isa = PBXGroup;
			children = (
				A80112942A0829FD00E0D2EE /* Custom Controls.app */,
			);
			name = Products;
			sourceTree = "<group>";
		};
		A80112962A0829FD00E0D2EE /* Custom Controls */ = {
			isa = PBXGroup;
			children = (
				A80112972A0829FD00E0D2EE /* Custom_ControlsApp.swift */,
				A80112992A0829FD00E0D2EE /* ContentView.swift */,
				A83BBEC22A128ED10024E111 /* SegmentedPicker */,
				A83BBEC12A128EBB0024E111 /* Pencil */,
				A898B5442A7FD2C000B48AAE /* Animations */,
				A80112A72A082C9600E0D2EE /* Extensions.swift */,
				A801129B2A0829FE00E0D2EE /* Assets.xcassets */,
				A801129D2A0829FE00E0D2EE /* Preview Content */,
			);
			path = "Custom Controls";
			sourceTree = "<group>";
		};
		A801129D2A0829FE00E0D2EE /* Preview Content */ = {
			isa = PBXGroup;
			children = (
				A801129E2A0829FE00E0D2EE /* Preview Assets.xcassets */,
			);
			path = "Preview Content";
			sourceTree = "<group>";
		};
		A83BBEC12A128EBB0024E111 /* Pencil */ = {
			isa = PBXGroup;
			children = (
				A83BBEBF2A128E660024E111 /* PencilTipShaper.swift */,
				A83BBEC32A1291D00024E111 /* PencilTimberShape.swift */,
				A83BBEC52A1292110024E111 /* PencilBodyShape.swift */,
				A83BBEC72A1292FD0024E111 /* ColorPencilView.swift */,
			);
			path = Pencil;
			sourceTree = "<group>";
		};
		A83BBEC22A128ED10024E111 /* SegmentedPicker */ = {
			isa = PBXGroup;
			children = (
				A80112A52A082A2800E0D2EE /* SegmentedPicker.swift */,
			);
			path = SegmentedPicker;
			sourceTree = "<group>";
		};
		A898B5442A7FD2C000B48AAE /* Animations */ = {
			isa = PBXGroup;
			children = (
				A898B5452A7FD2F900B48AAE /* Animations.swift */,
				A8D333962AA16E4700874C23 /* LocationManager.swift */,
			);
			path = Animations;
			sourceTree = "<group>";
		};
/* End PBXGroup section */

/* Begin PBXNativeTarget section */
		A80112932A0829FD00E0D2EE /* Custom Controls */ = {
			isa = PBXNativeTarget;
			buildConfigurationList = A80112A22A0829FE00E0D2EE /* Build configuration list for PBXNativeTarget "Custom Controls" */;
			buildPhases = (
				A80112902A0829FD00E0D2EE /* Sources */,
				A80112912A0829FD00E0D2EE /* Frameworks */,
				A80112922A0829FD00E0D2EE /* Resources */,
			);
			buildRules = (
			);
			dependencies = (
			);
			name = "Custom Controls";
			productName = "Custom Controls";
			productReference = A80112942A0829FD00E0D2EE /* Custom Controls.app */;
			productType = "com.apple.product-type.application";
		};
/* End PBXNativeTarget section */

/* Begin PBXProject section */
		A801128C2A0829FD00E0D2EE /* Project object */ = {
			isa = PBXProject;
			attributes = {
				BuildIndependentTargetsInParallel = 1;
				LastSwiftUpdateCheck = 1430;
				LastUpgradeCheck = 1430;
				TargetAttributes = {
					A80112932A0829FD00E0D2EE = {
						CreatedOnToolsVersion = 14.3;
					};
				};
			};
			buildConfigurationList = A801128F2A0829FD00E0D2EE /* Build configuration list for PBXProject "Custom Controls" */;
			compatibilityVersion = "Xcode 14.0";
			developmentRegion = en;
			hasScannedForEncodings = 0;
			knownRegions = (
				en,
				Base,
			);
			mainGroup = A801128B2A0829FD00E0D2EE;
			productRefGroup = A80112952A0829FD00E0D2EE /* Products */;
			projectDirPath = "";
			projectRoot = "";
			targets = (
				A80112932A0829FD00E0D2EE /* Custom Controls */,
			);
		};
/* End PBXProject section */

/* Begin PBXResourcesBuildPhase section */
		A80112922A0829FD00E0D2EE /* Resources */ = {
			isa = PBXResourcesBuildPhase;
			buildActionMask = 2147483647;
			files = (
				A801129F2A0829FE00E0D2EE /* Preview Assets.xcassets in Resources */,
				A801129C2A0829FE00E0D2EE /* Assets.xcassets in Resources */,
			);
			runOnlyForDeploymentPostprocessing = 0;
		};
/* End PBXResourcesBuildPhase section */

/* Begin PBXSourcesBuildPhase section */
		A80112902A0829FD00E0D2EE /* Sources */ = {
			isa = PBXSourcesBuildPhase;
			buildActionMask = 2147483647;
			files = (
				A83BBEC82A1292FD0024E111 /* ColorPencilView.swift in Sources */,
				A80112A62A082A2800E0D2EE /* SegmentedPicker.swift in Sources */,
				A8D333972AA16E4700874C23 /* LocationManager.swift in Sources */,
				A801129A2A0829FD00E0D2EE /* ContentView.swift in Sources */,
				A80112982A0829FD00E0D2EE /* Custom_ControlsApp.swift in Sources */,
				A83BBEC02A128E660024E111 /* PencilTipShaper.swift in Sources */,
				A898B5462A7FD2F900B48AAE /* Animations.swift in Sources */,
				A80112A82A082C9600E0D2EE /* Extensions.swift in Sources */,
				A83BBEC42A1291D00024E111 /* PencilTimberShape.swift in Sources */,
				A83BBEC62A1292110024E111 /* PencilBodyShape.swift in Sources */,
			);
			runOnlyForDeploymentPostprocessing = 0;
		};
/* End PBXSourcesBuildPhase section */

/* Begin XCBuildConfiguration section */
		A80112A02A0829FE00E0D2EE /* Debug */ = {
			isa = XCBuildConfiguration;
			buildSettings = {
				ALWAYS_SEARCH_USER_PATHS = NO;
				CLANG_ANALYZER_NONNULL = YES;
				CLANG_ANALYZER_NUMBER_OBJECT_CONVERSION = YES_AGGRESSIVE;
				CLANG_CXX_LANGUAGE_STANDARD = "gnu++20";
				CLANG_ENABLE_MODULES = YES;
				CLANG_ENABLE_OBJC_ARC = YES;
				CLANG_ENABLE_OBJC_WEAK = YES;
				CLANG_WARN_BLOCK_CAPTURE_AUTORELEASING = YES;
				CLANG_WARN_BOOL_CONVERSION = YES;
				CLANG_WARN_COMMA = YES;
				CLANG_WARN_CONSTANT_CONVERSION = YES;
				CLANG_WARN_DEPRECATED_OBJC_IMPLEMENTATIONS = YES;
				CLANG_WARN_DIRECT_OBJC_ISA_USAGE = YES_ERROR;
				CLANG_WARN_DOCUMENTATION_COMMENTS = YES;
				CLANG_WARN_EMPTY_BODY = YES;
				CLANG_WARN_ENUM_CONVERSION = YES;
				CLANG_WARN_INFINITE_RECURSION = YES;
				CLANG_WARN_INT_CONVERSION = YES;
				CLANG_WARN_NON_LITERAL_NULL_CONVERSION = YES;
				CLANG_WARN_OBJC_IMPLICIT_RETAIN_SELF = YES;
				CLANG_WARN_OBJC_LITERAL_CONVERSION = YES;
				CLANG_WARN_OBJC_ROOT_CLASS = YES_ERROR;
				CLANG_WARN_QUOTED_INCLUDE_IN_FRAMEWORK_HEADER = YES;
				CLANG_WARN_RANGE_LOOP_ANALYSIS = YES;
				CLANG_WARN_STRICT_PROTOTYPES = YES;
				CLANG_WARN_SUSPICIOUS_MOVE = YES;
				CLANG_WARN_UNGUARDED_AVAILABILITY = YES_AGGRESSIVE;
				CLANG_WARN_UNREACHABLE_CODE = YES;
				CLANG_WARN__DUPLICATE_METHOD_MATCH = YES;
				COPY_PHASE_STRIP = NO;
				DEBUG_INFORMATION_FORMAT = dwarf;
				ENABLE_STRICT_OBJC_MSGSEND = YES;
				ENABLE_TESTABILITY = YES;
				GCC_C_LANGUAGE_STANDARD = gnu11;
				GCC_DYNAMIC_NO_PIC = NO;
				GCC_NO_COMMON_BLOCKS = YES;
				GCC_OPTIMIZATION_LEVEL = 0;
				GCC_PREPROCESSOR_DEFINITIONS = (
					"DEBUG=1",
					"$(inherited)",
				);
				GCC_WARN_64_TO_32_BIT_CONVERSION = YES;
				GCC_WARN_ABOUT_RETURN_TYPE = YES_ERROR;
				GCC_WARN_UNDECLARED_SELECTOR = YES;
				GCC_WARN_UNINITIALIZED_AUTOS = YES_AGGRESSIVE;
				GCC_WARN_UNUSED_FUNCTION = YES;
				GCC_WARN_UNUSED_VARIABLE = YES;
				IPHONEOS_DEPLOYMENT_TARGET = 16.4;
				MTL_ENABLE_DEBUG_INFO = INCLUDE_SOURCE;
				MTL_FAST_MATH = YES;
				ONLY_ACTIVE_ARCH = YES;
				SDKROOT = iphoneos;
				SWIFT_ACTIVE_COMPILATION_CONDITIONS = DEBUG;
				SWIFT_OPTIMIZATION_LEVEL = "-Onone";
			};
			name = Debug;
		};
		A80112A12A0829FE00E0D2EE /* Release */ = {
			isa = XCBuildConfiguration;
			buildSettings = {
				ALWAYS_SEARCH_USER_PATHS = NO;
				CLANG_ANALYZER_NONNULL = YES;
				CLANG_ANALYZER_NUMBER_OBJECT_CONVERSION = YES_AGGRESSIVE;
				CLANG_CXX_LANGUAGE_STANDARD = "gnu++20";
				CLANG_ENABLE_MODULES = YES;
				CLANG_ENABLE_OBJC_ARC = YES;
				CLANG_ENABLE_OBJC_WEAK = YES;
				CLANG_WARN_BLOCK_CAPTURE_AUTORELEASING = YES;
				CLANG_WARN_BOOL_CONVERSION = YES;
				CLANG_WARN_COMMA = YES;
				CLANG_WARN_CONSTANT_CONVERSION = YES;
				CLANG_WARN_DEPRECATED_OBJC_IMPLEMENTATIONS = YES;
				CLANG_WARN_DIRECT_OBJC_ISA_USAGE = YES_ERROR;
				CLANG_WARN_DOCUMENTATION_COMMENTS = YES;
				CLANG_WARN_EMPTY_BODY = YES;
				CLANG_WARN_ENUM_CONVERSION = YES;
				CLANG_WARN_INFINITE_RECURSION = YES;
				CLANG_WARN_INT_CONVERSION = YES;
				CLANG_WARN_NON_LITERAL_NULL_CONVERSION = YES;
				CLANG_WARN_OBJC_IMPLICIT_RETAIN_SELF = YES;
				CLANG_WARN_OBJC_LITERAL_CONVERSION = YES;
				CLANG_WARN_OBJC_ROOT_CLASS = YES_ERROR;
				CLANG_WARN_QUOTED_INCLUDE_IN_FRAMEWORK_HEADER = YES;
				CLANG_WARN_RANGE_LOOP_ANALYSIS = YES;
				CLANG_WARN_STRICT_PROTOTYPES = YES;
				CLANG_WARN_SUSPICIOUS_MOVE = YES;
				CLANG_WARN_UNGUARDED_AVAILABILITY = YES_AGGRESSIVE;
				CLANG_WARN_UNREACHABLE_CODE = YES;
				CLANG_WARN__DUPLICATE_METHOD_MATCH = YES;
				COPY_PHASE_STRIP = NO;
				DEBUG_INFORMATION_FORMAT = "dwarf-with-dsym";
				ENABLE_NS_ASSERTIONS = NO;
				ENABLE_STRICT_OBJC_MSGSEND = YES;
				GCC_C_LANGUAGE_STANDARD = gnu11;
				GCC_NO_COMMON_BLOCKS = YES;
				GCC_WARN_64_TO_32_BIT_CONVERSION = YES;
				GCC_WARN_ABOUT_RETURN_TYPE = YES_ERROR;
				GCC_WARN_UNDECLARED_SELECTOR = YES;
				GCC_WARN_UNINITIALIZED_AUTOS = YES_AGGRESSIVE;
				GCC_WARN_UNUSED_FUNCTION = YES;
				GCC_WARN_UNUSED_VARIABLE = YES;
				IPHONEOS_DEPLOYMENT_TARGET = 16.4;
				MTL_ENABLE_DEBUG_INFO = NO;
				MTL_FAST_MATH = YES;
				SDKROOT = iphoneos;
				SWIFT_COMPILATION_MODE = wholemodule;
				SWIFT_OPTIMIZATION_LEVEL = "-O";
				VALIDATE_PRODUCT = YES;
			};
			name = Release;
		};
		A80112A32A0829FE00E0D2EE /* Debug */ = {
			isa = XCBuildConfiguration;
			buildSettings = {
				ASSETCATALOG_COMPILER_APPICON_NAME = AppIcon;
				ASSETCATALOG_COMPILER_GLOBAL_ACCENT_COLOR_NAME = AccentColor;
				CODE_SIGN_STYLE = Automatic;
				CURRENT_PROJECT_VERSION = 1;
				DEVELOPMENT_ASSET_PATHS = "\"Custom Controls/Preview Content\"";
				DEVELOPMENT_TEAM = 8KD95CCYA7;
				ENABLE_PREVIEWS = YES;
				GENERATE_INFOPLIST_FILE = YES;
				INFOPLIST_KEY_UIApplicationSceneManifest_Generation = YES;
				INFOPLIST_KEY_UIApplicationSupportsIndirectInputEvents = YES;
				INFOPLIST_KEY_UILaunchScreen_Generation = YES;
				INFOPLIST_KEY_UISupportedInterfaceOrientations_iPad = "UIInterfaceOrientationPortrait UIInterfaceOrientationPortraitUpsideDown UIInterfaceOrientationLandscapeLeft UIInterfaceOrientationLandscapeRight";
				INFOPLIST_KEY_UISupportedInterfaceOrientations_iPhone = "UIInterfaceOrientationPortrait UIInterfaceOrientationLandscapeLeft UIInterfaceOrientationLandscapeRight";
				LD_RUNPATH_SEARCH_PATHS = (
					"$(inherited)",
					"@executable_path/Frameworks",
				);
				MARKETING_VERSION = 1.0;
				PRODUCT_BUNDLE_IDENTIFIER = "com.UsefulApps.Custom-Controls";
				PRODUCT_NAME = "$(TARGET_NAME)";
				SWIFT_EMIT_LOC_STRINGS = YES;
				SWIFT_VERSION = 5.0;
				TARGETED_DEVICE_FAMILY = "1,2";
			};
			name = Debug;
		};
		A80112A42A0829FE00E0D2EE /* Release */ = {
			isa = XCBuildConfiguration;
			buildSettings = {
				ASSETCATALOG_COMPILER_APPICON_NAME = AppIcon;
				ASSETCATALOG_COMPILER_GLOBAL_ACCENT_COLOR_NAME = AccentColor;
				CODE_SIGN_STYLE = Automatic;
				CURRENT_PROJECT_VERSION = 1;
				DEVELOPMENT_ASSET_PATHS = "\"Custom Controls/Preview Content\"";
				DEVELOPMENT_TEAM = 8KD95CCYA7;
				ENABLE_PREVIEWS = YES;
				GENERATE_INFOPLIST_FILE = YES;
				INFOPLIST_KEY_UIApplicationSceneManifest_Generation = YES;
				INFOPLIST_KEY_UIApplicationSupportsIndirectInputEvents = YES;
				INFOPLIST_KEY_UILaunchScreen_Generation = YES;
				INFOPLIST_KEY_UISupportedInterfaceOrientations_iPad = "UIInterfaceOrientationPortrait UIInterfaceOrientationPortraitUpsideDown UIInterfaceOrientationLandscapeLeft UIInterfaceOrientationLandscapeRight";
				INFOPLIST_KEY_UISupportedInterfaceOrientations_iPhone = "UIInterfaceOrientationPortrait UIInterfaceOrientationLandscapeLeft UIInterfaceOrientationLandscapeRight";
				LD_RUNPATH_SEARCH_PATHS = (
					"$(inherited)",
					"@executable_path/Frameworks",
				);
				MARKETING_VERSION = 1.0;
				PRODUCT_BUNDLE_IDENTIFIER = "com.UsefulApps.Custom-Controls";
				PRODUCT_NAME = "$(TARGET_NAME)";
				SWIFT_EMIT_LOC_STRINGS = YES;
				SWIFT_VERSION = 5.0;
				TARGETED_DEVICE_FAMILY = "1,2";
			};
			name = Release;
		};
/* End XCBuildConfiguration section */

/* Begin XCConfigurationList section */
		A801128F2A0829FD00E0D2EE /* Build configuration list for PBXProject "Custom Controls" */ = {
			isa = XCConfigurationList;
			buildConfigurations = (
				A80112A02A0829FE00E0D2EE /* Debug */,
				A80112A12A0829FE00E0D2EE /* Release */,
			);
			defaultConfigurationIsVisible = 0;
			defaultConfigurationName = Release;
		};
		A80112A22A0829FE00E0D2EE /* Build configuration list for PBXNativeTarget "Custom Controls" */ = {
			isa = XCConfigurationList;
			buildConfigurations = (
				A80112A32A0829FE00E0D2EE /* Debug */,
				A80112A42A0829FE00E0D2EE /* Release */,
			);
			defaultConfigurationIsVisible = 0;
			defaultConfigurationName = Release;
		};
/* End XCConfigurationList section */
	};
	rootObject = A801128C2A0829FD00E0D2EE /* Project object */;
}
